
Microsoft Visual Studio Solution File, Format Version 12.00
# Visual Studio 15
VisualStudioVersion = 15.0.26228.9
MinimumVisualStudioVersion = 10.0.40219.1
Project("{FAE04EC0-301F-11D3-BF4B-00C04F79EFBC}") = "Selenium.Utils", "Selenium.Utils\Selenium.Utils.csproj", "{F6A822AF-7A56-4E75-965A-2F9DB13F073C}"
EndProject
Project("{FAE04EC0-301F-11D3-BF4B-00C04F79EFBC}") = "Selenium.Utils.Tests", "Selenium.Utils.Tests\Selenium.Utils.Tests.csproj", "{B5CEBD17-AC81-4405-92DF-126C9A15D4CD}"
EndProject
Global
	GlobalSection(SolutionConfigurationPlatforms) = preSolution
		Debug|Any CPU = Debug|Any CPU
		Release|Any CPU = Release|Any CPU
	EndGlobalSection
	GlobalSection(ProjectConfigurationPlatforms) = postSolution
		{F6A822AF-7A56-4E75-965A-2F9DB13F073C}.Debug|Any CPU.ActiveCfg = Debug|Any CPU
		{F6A822AF-7A56-4E75-965A-2F9DB13F073C}.Debug|Any CPU.Build.0 = Debug|Any CPU
		{F6A822AF-7A56-4E75-965A-2F9DB13F073C}.Release|Any CPU.ActiveCfg = Release|Any CPU
		{F6A822AF-7A56-4E75-965A-2F9DB13F073C}.Release|Any CPU.Build.0 = Release|Any CPU
		{B5CEBD17-AC81-4405-92DF-126C9A15D4CD}.Debug|Any CPU.ActiveCfg = Debug|Any CPU
		{B5CEBD17-AC81-4405-92DF-126C9A15D4CD}.Debug|Any CPU.Build.0 = Debug|Any CPU
		{B5CEBD17-AC81-4405-92DF-126C9A15D4CD}.Release|Any CPU.ActiveCfg = Release|Any CPU
		{B5CEBD17-AC81-4405-92DF-126C9A15D4CD}.Release|Any CPU.Build.0 = Release|Any CPU
	EndGlobalSection
	GlobalSection(SolutionProperties) = preSolution
		HideSolutionNode = FALSE
	EndGlobalSection
EndGlobal
